
Microsoft Visual Studio Solution File, Format Version 12.00
# Visual Studio Version 17
VisualStudioVersion = 17.11.35431.28
MinimumVisualStudioVersion = 10.0.40219.1
Project("{FAE04EC0-301F-11D3-BF4B-00C04F79EFBC}") = "DeliveryCostAPI", "DeliveryCostAPI\DeliveryCostAPI.csproj", "{FAA4B9AD-8A05-4686-A016-68385836EFD6}"
EndProject
Global
	GlobalSection(SolutionConfigurationPlatforms) = preSolution
		Debug|Any CPU = Debug|Any CPU
		Release|Any CPU = Release|Any CPU
	EndGlobalSection
	GlobalSection(ProjectConfigurationPlatforms) = postSolution
		{FAA4B9AD-8A05-4686-A016-68385836EFD6}.Debug|Any CPU.ActiveCfg = Debug|Any CPU
		{FAA4B9AD-8A05-4686-A016-68385836EFD6}.Debug|Any CPU.Build.0 = Debug|Any CPU
		{FAA4B9AD-8A05-4686-A016-68385836EFD6}.Release|Any CPU.ActiveCfg = Release|Any CPU
		{FAA4B9AD-8A05-4686-A016-68385836EFD6}.Release|Any CPU.Build.0 = Release|Any CPU
	EndGlobalSection
	GlobalSection(SolutionProperties) = preSolution
		HideSolutionNode = FALSE
	EndGlobalSection
	GlobalSection(ExtensibilityGlobals) = postSolution
		SolutionGuid = {B6479AEA-07FD-466B-B2AB-C6F9214CC08E}
	EndGlobalSection
EndGlobal
